
Microsoft Visual Studio Solution File, Format Version 12.00
# Visual Studio 2012
Project("{FAE04EC0-301F-11D3-BF4B-00C04F79EFBC}") = "RMDCChatServer", "RMDCChatServer\RMDCChatServer.csproj", "{88301FBB-54F2-4F9E-B5FC-BE2E1E224549}"
EndProject
Project("{FAE04EC0-301F-11D3-BF4B-00C04F79EFBC}") = "RMDCChatClient", "RMDCChatClient\RMDCChatClient.csproj", "{B6466D8E-516D-47F2-8440-4EC2BAA212E0}"
	ProjectSection(ProjectDependencies) = postProject
		{88301FBB-54F2-4F9E-B5FC-BE2E1E224549} = {88301FBB-54F2-4F9E-B5FC-BE2E1E224549}
	EndProjectSection
EndProject
Global
	GlobalSection(SolutionConfigurationPlatforms) = preSolution
		Debug|Any CPU = Debug|Any CPU
		Release|Any CPU = Release|Any CPU
	EndGlobalSection
	GlobalSection(ProjectConfigurationPlatforms) = postSolution
		{88301FBB-54F2-4F9E-B5FC-BE2E1E224549}.Debug|Any CPU.ActiveCfg = Debug|Any CPU
		{88301FBB-54F2-4F9E-B5FC-BE2E1E224549}.Debug|Any CPU.Build.0 = Debug|Any CPU
		{88301FBB-54F2-4F9E-B5FC-BE2E1E224549}.Release|Any CPU.ActiveCfg = Release|Any CPU
		{88301FBB-54F2-4F9E-B5FC-BE2E1E224549}.Release|Any CPU.Build.0 = Release|Any CPU
		{B6466D8E-516D-47F2-8440-4EC2BAA212E0}.Debug|Any CPU.ActiveCfg = Debug|Any CPU
		{B6466D8E-516D-47F2-8440-4EC2BAA212E0}.Debug|Any CPU.Build.0 = Debug|Any CPU
		{B6466D8E-516D-47F2-8440-4EC2BAA212E0}.Release|Any CPU.ActiveCfg = Release|Any CPU
		{B6466D8E-516D-47F2-8440-4EC2BAA212E0}.Release|Any CPU.Build.0 = Release|Any CPU
	EndGlobalSection
	GlobalSection(SolutionProperties) = preSolution
		HideSolutionNode = FALSE
	EndGlobalSection
EndGlobal
